PODS:
  - Flutter (1.0.0)
  - flutter_js (0.1.0):
    - Flutter
  - flutter_tts (0.0.1):
    - Flutter
  - pdfx (1.0.0):
    - Flutter

DEPENDENCIES:
  - Flutter (from `Flutter`)
  - flutter_js (from `.symlinks/plugins/flutter_js/ios`)
  - flutter_tts (from `.symlinks/plugins/flutter_tts/ios`)
  - pdfx (from `.symlinks/plugins/pdfx/ios`)

EXTERNAL SOURCES:
  Flutter:
    :path: Flutter
  flutter_js:
    :path: ".symlinks/plugins/flutter_js/ios"
  flutter_tts:
    :path: ".symlinks/plugins/flutter_tts/ios"
  pdfx:
    :path: ".symlinks/plugins/pdfx/ios"

SPEC CHECKSUMS:
  Flutter: cabc95a1d2626b1b06e7179b784ebcf0c0cde467
  flutter_js: 867813c1830e1d9b2c5d547cdb6f61801e2f2145
  flutter_tts: 35ac3c7d42412733e795ea96ad2d7e05d0a75113
  pdfx: 77f4dddc48361fbb01486fa2bdee4532cbb97ef3

PODFILE CHECKSUM: edf1b618b188c9352b3f71874d340d1d62566bf0

COCOAPODS: 1.16.2
